
Microsoft Visual Studio Solution File, Format Version 12.00
# Visual Studio Version 17
VisualStudioVersion = 17.0.31903.59
MinimumVisualStudioVersion = 10.0.40219.1
Project("{FAE04EC0-301F-11D3-BF4B-00C04F79EFBC}") = "SingleResponsibilityPrinciple", "SingleResponsibilityPrinciple\SingleResponsibilityPrinciple.csproj", "{A3E76942-26CB-4D4B-ACF0-337F931F32F6}"
EndProject
Project("{FAE04EC0-301F-11D3-BF4B-00C04F79EFBC}") = "OpenClosedPrinciple", "OpenClosedPrinciple\OpenClosedPrinciple.csproj", "{7AEA7AFB-DD34-4279-B6BF-D9177F8A12FF}"
EndProject
Project("{FAE04EC0-301F-11D3-BF4B-00C04F79EFBC}") = "LiskovSubstitutionPrinciple", "LiskovSubstitutionPrinciple\LiskovSubstitutionPrinciple.csproj", "{50E49BD6-063F-483A-82DE-18B9D3CA1E34}"
EndProject
Project("{FAE04EC0-301F-11D3-BF4B-00C04F79EFBC}") = "InterfaceSegregationPrinciple", "InterfaceSegregationPrinciple\InterfaceSegregationPrinciple.csproj", "{648FE2D5-0D41-46A4-931F-D655229C1B5D}"
EndProject
Project("{FAE04EC0-301F-11D3-BF4B-00C04F79EFBC}") = "DependencyInversionPrinciple", "DependencyInversionPrinciple\DependencyInversionPrinciple.csproj", "{AC7BE86E-A238-48E1-A5C9-BFA13361AA1F}"
EndProject
Global
	GlobalSection(SolutionConfigurationPlatforms) = preSolution
		Debug|Any CPU = Debug|Any CPU
		Release|Any CPU = Release|Any CPU
	EndGlobalSection
	GlobalSection(ProjectConfigurationPlatforms) = postSolution
		{A3E76942-26CB-4D4B-ACF0-337F931F32F6}.Debug|Any CPU.ActiveCfg = Debug|Any CPU
		{A3E76942-26CB-4D4B-ACF0-337F931F32F6}.Debug|Any CPU.Build.0 = Debug|Any CPU
		{A3E76942-26CB-4D4B-ACF0-337F931F32F6}.Release|Any CPU.ActiveCfg = Release|Any CPU
		{A3E76942-26CB-4D4B-ACF0-337F931F32F6}.Release|Any CPU.Build.0 = Release|Any CPU
		{7AEA7AFB-DD34-4279-B6BF-D9177F8A12FF}.Debug|Any CPU.ActiveCfg = Debug|Any CPU
		{7AEA7AFB-DD34-4279-B6BF-D9177F8A12FF}.Debug|Any CPU.Build.0 = Debug|Any CPU
		{7AEA7AFB-DD34-4279-B6BF-D9177F8A12FF}.Release|Any CPU.ActiveCfg = Release|Any CPU
		{7AEA7AFB-DD34-4279-B6BF-D9177F8A12FF}.Release|Any CPU.Build.0 = Release|Any CPU
		{50E49BD6-063F-483A-82DE-18B9D3CA1E34}.Debug|Any CPU.ActiveCfg = Debug|Any CPU
		{50E49BD6-063F-483A-82DE-18B9D3CA1E34}.Debug|Any CPU.Build.0 = Debug|Any CPU
		{50E49BD6-063F-483A-82DE-18B9D3CA1E34}.Release|Any CPU.ActiveCfg = Release|Any CPU
		{50E49BD6-063F-483A-82DE-18B9D3CA1E34}.Release|Any CPU.Build.0 = Release|Any CPU
		{648FE2D5-0D41-46A4-931F-D655229C1B5D}.Debug|Any CPU.ActiveCfg = Debug|Any CPU
		{648FE2D5-0D41-46A4-931F-D655229C1B5D}.Debug|Any CPU.Build.0 = Debug|Any CPU
		{648FE2D5-0D41-46A4-931F-D655229C1B5D}.Release|Any CPU.ActiveCfg = Release|Any CPU
		{648FE2D5-0D41-46A4-931F-D655229C1B5D}.Release|Any CPU.Build.0 = Release|Any CPU
		{AC7BE86E-A238-48E1-A5C9-BFA13361AA1F}.Debug|Any CPU.ActiveCfg = Debug|Any CPU
		{AC7BE86E-A238-48E1-A5C9-BFA13361AA1F}.Debug|Any CPU.Build.0 = Debug|Any CPU
		{AC7BE86E-A238-48E1-A5C9-BFA13361AA1F}.Release|Any CPU.ActiveCfg = Release|Any CPU
		{AC7BE86E-A238-48E1-A5C9-BFA13361AA1F}.Release|Any CPU.Build.0 = Release|Any CPU
	EndGlobalSection
	GlobalSection(SolutionProperties) = preSolution
		HideSolutionNode = FALSE
	EndGlobalSection
	GlobalSection(ExtensibilityGlobals) = postSolution
		SolutionGuid = {7F4ABB2C-1ED0-460C-964D-BC7FA4C8C7C2}
	EndGlobalSection
EndGlobal
